github.com/aws/aws-sdk-go-v2 v1.25.2 h1:/uiG1avJRgLGiQM9X3qJM8+Qa6KRGK5rRPuXE0HUM+w=
github.com/aws/aws-sdk-go-v2 v1.25.2/go.mod h1:Evoc5AsmtveRt1komDwIsjHFyrP5tDuF1D1U+6z6pNo=
github.com/aws/aws-sdk-go-v2/internal/configsources v1.3.2 h1:bNo4LagzUKbjdxE0tIcR9pMzLR2U/Tgie1Hq1HQ3iH8=
github.com/aws/aws-sdk-go-v2/internal/configsources v1.3.2/go.mod h1:wRQv0nN6v9wDXuWThpovGQjqF1HFdcgWjporw14lS8k=
github.com/aws/aws-sdk-go-v2/internal/endpoints/v2 v2.6.2 h1:EtOU5jsPdIQNP+6Q2C5e3d65NKT1PeCiQk+9OdzO12Q=
github.com/aws/aws-sdk-go-v2/internal/endpoints/v2 v2.6.2/go.mod h1:tyF5sKccmDz0Bv4NrstEr+/9YkSPJHrcO7UsUKf7pWM=
github.com/aws/aws-sdk-go-v2/service/appconfigdata v1.14.1 h1:uYpEKgq18/9wxZi1wuh3A1zY57g4mqNhRPS1Qd3+faE=
github.com/aws/aws-sdk-go-v2/service/appconfigdata v1.14.1/go.mod h1:siYfXyPlVYDQkyGrs3tIiXeWOXmm0T4WtZcefHN0/cc=
github.com/aws/aws-sdk-go-v2/service/secretsmanager v1.28.1 h1:DtKw4TxZT3VrzYupXQJPBqT9ImyobZZE+JIQPPAVxqs=
github.com/aws/aws-sdk-go-v2/service/secretsmanager v1.28.1/go.mod h1:bit9G2ORpSjUTr4PA4usvbBfbOyvMj0LbE1dXF14Sug=
github.com/aws/smithy-go v1.20.1 h1:4SZlSlMr36UEqC7XOyRVb27XMeZubNcBNN+9IgEPIQw=
github.com/aws/smithy-go v1.20.1/go.mod h1:krry+ya/rV9RDcV/Q16kpu6ypI4K2czasz0NC3qS14E=
